
Microsoft Visual Studio Solution File, Format Version 12.00
# Visual Studio Version 17
VisualStudioVersion = 17.7.34018.315
MinimumVisualStudioVersion = 10.0.40219.1
Project("{FAE04EC0-301F-11D3-BF4B-00C04F79EFBC}") = "WebShop", "WebShop\WebShop.csproj", "{F2F8D879-F058-486A-8641-EE76FCB5723B}"
EndProject
Project("{FAE04EC0-301F-11D3-BF4B-00C04F79EFBC}") = "Business", "Business\Business.csproj", "{F605C9D0-6551-4E5A-BD97-1A9B268F55EE}"
EndProject
Project("{FAE04EC0-301F-11D3-BF4B-00C04F79EFBC}") = "DataAccess", "DataAccess\DataAccess.csproj", "{A456EFCC-E45A-41A4-B3E4-CB992E3DBBE5}"
EndProject
Project("{FAE04EC0-301F-11D3-BF4B-00C04F79EFBC}") = "DTO", "DTO\DTO.csproj", "{2E63AFEA-02F4-48E4-AF2A-2A684A4A6A75}"
EndProject
Project("{FAE04EC0-301F-11D3-BF4B-00C04F79EFBC}") = "Helper", "Helper\Helper.csproj", "{ED2CCCE3-DF60-4EF8-B40B-169D17ED921F}"
EndProject
Global
	GlobalSection(SolutionConfigurationPlatforms) = preSolution
		Debug|Any CPU = Debug|Any CPU
		Release|Any CPU = Release|Any CPU
	EndGlobalSection
	GlobalSection(ProjectConfigurationPlatforms) = postSolution
		{F2F8D879-F058-486A-8641-EE76FCB5723B}.Debug|Any CPU.ActiveCfg = Debug|Any CPU
		{F2F8D879-F058-486A-8641-EE76FCB5723B}.Debug|Any CPU.Build.0 = Debug|Any CPU
		{F2F8D879-F058-486A-8641-EE76FCB5723B}.Release|Any CPU.ActiveCfg = Release|Any CPU
		{F2F8D879-F058-486A-8641-EE76FCB5723B}.Release|Any CPU.Build.0 = Release|Any CPU
		{F605C9D0-6551-4E5A-BD97-1A9B268F55EE}.Debug|Any CPU.ActiveCfg = Debug|Any CPU
		{F605C9D0-6551-4E5A-BD97-1A9B268F55EE}.Debug|Any CPU.Build.0 = Debug|Any CPU
		{F605C9D0-6551-4E5A-BD97-1A9B268F55EE}.Release|Any CPU.ActiveCfg = Release|Any CPU
		{F605C9D0-6551-4E5A-BD97-1A9B268F55EE}.Release|Any CPU.Build.0 = Release|Any CPU
		{A456EFCC-E45A-41A4-B3E4-CB992E3DBBE5}.Debug|Any CPU.ActiveCfg = Debug|Any CPU
		{A456EFCC-E45A-41A4-B3E4-CB992E3DBBE5}.Debug|Any CPU.Build.0 = Debug|Any CPU
		{A456EFCC-E45A-41A4-B3E4-CB992E3DBBE5}.Release|Any CPU.ActiveCfg = Release|Any CPU
		{A456EFCC-E45A-41A4-B3E4-CB992E3DBBE5}.Release|Any CPU.Build.0 = Release|Any CPU
		{2E63AFEA-02F4-48E4-AF2A-2A684A4A6A75}.Debug|Any CPU.ActiveCfg = Debug|Any CPU
		{2E63AFEA-02F4-48E4-AF2A-2A684A4A6A75}.Debug|Any CPU.Build.0 = Debug|Any CPU
		{2E63AFEA-02F4-48E4-AF2A-2A684A4A6A75}.Release|Any CPU.ActiveCfg = Release|Any CPU
		{2E63AFEA-02F4-48E4-AF2A-2A684A4A6A75}.Release|Any CPU.Build.0 = Release|Any CPU
		{ED2CCCE3-DF60-4EF8-B40B-169D17ED921F}.Debug|Any CPU.ActiveCfg = Debug|Any CPU
		{ED2CCCE3-DF60-4EF8-B40B-169D17ED921F}.Debug|Any CPU.Build.0 = Debug|Any CPU
		{ED2CCCE3-DF60-4EF8-B40B-169D17ED921F}.Release|Any CPU.ActiveCfg = Release|Any CPU
		{ED2CCCE3-DF60-4EF8-B40B-169D17ED921F}.Release|Any CPU.Build.0 = Release|Any CPU
	EndGlobalSection
	GlobalSection(SolutionProperties) = preSolution
		HideSolutionNode = FALSE
	EndGlobalSection
	GlobalSection(ExtensibilityGlobals) = postSolution
		SolutionGuid = {4B291B6B-A36A-4283-919D-4AEC0BC1F3AD}
	EndGlobalSection
EndGlobal
